
Microsoft Visual Studio Solution File, Format Version 12.00
# Visual Studio Version 17
VisualStudioVersion = 17.4.33103.184
MinimumVisualStudioVersion = 10.0.40219.1
Project("{9A19103F-16F7-4668-BE54-9A1E7A4F7556}") = "front", "front\front.csproj", "{94C9A7B7-196C-4537-9156-BB37DDF89E1A}"
EndProject
Project("{9A19103F-16F7-4668-BE54-9A1E7A4F7556}") = "bot", "bot\bot.csproj", "{3DA8AC14-FCD2-4603-89EC-8AA95003C187}"
EndProject
Project("{9A19103F-16F7-4668-BE54-9A1E7A4F7556}") = "server", "server\server.csproj", "{C235FF96-9466-4F4F-AE0F-F6E1421E2DDE}"
EndProject
Project("{9A19103F-16F7-4668-BE54-9A1E7A4F7556}") = "shared", "shared\shared.csproj", "{4595FBBF-781A-4E85-8079-2730B360C144}"
EndProject
Project("{FAE04EC0-301F-11D3-BF4B-00C04F79EFBC}") = "tests", "tests\tests.csproj", "{39603D6C-D066-4032-9D44-6E51F5521BAA}"
EndProject
Global
	GlobalSection(SolutionConfigurationPlatforms) = preSolution
		Debug|Any CPU = Debug|Any CPU
		Release|Any CPU = Release|Any CPU
	EndGlobalSection
	GlobalSection(ProjectConfigurationPlatforms) = postSolution
		{94C9A7B7-196C-4537-9156-BB37DDF89E1A}.Debug|Any CPU.ActiveCfg = Debug|Any CPU
		{94C9A7B7-196C-4537-9156-BB37DDF89E1A}.Debug|Any CPU.Build.0 = Debug|Any CPU
		{94C9A7B7-196C-4537-9156-BB37DDF89E1A}.Release|Any CPU.ActiveCfg = Release|Any CPU
		{94C9A7B7-196C-4537-9156-BB37DDF89E1A}.Release|Any CPU.Build.0 = Release|Any CPU
		{3DA8AC14-FCD2-4603-89EC-8AA95003C187}.Debug|Any CPU.ActiveCfg = Debug|Any CPU
		{3DA8AC14-FCD2-4603-89EC-8AA95003C187}.Debug|Any CPU.Build.0 = Debug|Any CPU
		{3DA8AC14-FCD2-4603-89EC-8AA95003C187}.Release|Any CPU.ActiveCfg = Release|Any CPU
		{3DA8AC14-FCD2-4603-89EC-8AA95003C187}.Release|Any CPU.Build.0 = Release|Any CPU
		{C235FF96-9466-4F4F-AE0F-F6E1421E2DDE}.Debug|Any CPU.ActiveCfg = Debug|Any CPU
		{C235FF96-9466-4F4F-AE0F-F6E1421E2DDE}.Debug|Any CPU.Build.0 = Debug|Any CPU
		{C235FF96-9466-4F4F-AE0F-F6E1421E2DDE}.Release|Any CPU.ActiveCfg = Release|Any CPU
		{C235FF96-9466-4F4F-AE0F-F6E1421E2DDE}.Release|Any CPU.Build.0 = Release|Any CPU
		{4595FBBF-781A-4E85-8079-2730B360C144}.Debug|Any CPU.ActiveCfg = Debug|Any CPU
		{4595FBBF-781A-4E85-8079-2730B360C144}.Debug|Any CPU.Build.0 = Debug|Any CPU
		{4595FBBF-781A-4E85-8079-2730B360C144}.Release|Any CPU.ActiveCfg = Release|Any CPU
		{4595FBBF-781A-4E85-8079-2730B360C144}.Release|Any CPU.Build.0 = Release|Any CPU
		{39603D6C-D066-4032-9D44-6E51F5521BAA}.Debug|Any CPU.ActiveCfg = Debug|Any CPU
		{39603D6C-D066-4032-9D44-6E51F5521BAA}.Debug|Any CPU.Build.0 = Debug|Any CPU
		{39603D6C-D066-4032-9D44-6E51F5521BAA}.Release|Any CPU.ActiveCfg = Release|Any CPU
		{39603D6C-D066-4032-9D44-6E51F5521BAA}.Release|Any CPU.Build.0 = Release|Any CPU
	EndGlobalSection
	GlobalSection(SolutionProperties) = preSolution
		HideSolutionNode = FALSE
	EndGlobalSection
	GlobalSection(ExtensibilityGlobals) = postSolution
		SolutionGuid = {9C569FD0-19F4-40AF-8107-8C091221E335}
	EndGlobalSection
EndGlobal
